// !$*UTF8*$!
{
	archiveVersion = 1;
	classes = {
	};
	objectVersion = 56;
	objects = {

/* Begin PBXBuildFile section */
		F2CFF33C2BD661B200D34AAB /* AppDelegate.swift in Sources */ = {isa = PBXBuildFile; fileRef = F2CFF33B2BD661B200D34AAB /* AppDelegate.swift */; };
		F2CFF3402BD661B200D34AAB /* ViewController.swift in Sources */ = {isa = PBXBuildFile; fileRef = F2CFF33F2BD661B200D34AAB /* ViewController.swift */; };
		F2CFF3452BD661B200D34AAB /* Assets.xcassets in Resources */ = {isa = PBXBuildFile; fileRef = F2CFF3442BD661B200D34AAB /* Assets.xcassets */; };
		F2CFF3482BD661B200D34AAB /* Base in Resources */ = {isa = PBXBuildFile; fileRef = F2CFF3472BD661B200D34AAB /* Base */; };
		F2CFF3532BD679CD00D34AAB /* Country.swift in Sources */ = {isa = PBXBuildFile; fileRef = F2CFF3522BD679CD00D34AAB /* Country.swift */; };
		F2CFF3552BD679E400D34AAB /* Flags.swift in Sources */ = {isa = PBXBuildFile; fileRef = F2CFF3542BD679E400D34AAB /* Flags.swift */; };
		F2CFF3572BD679F700D34AAB /* CountryName.swift in Sources */ = {isa = PBXBuildFile; fileRef = F2CFF3562BD679F700D34AAB /* CountryName.swift */; };
		F2CFF35A2BD67A0F00D34AAB /* CountriesWebservice.swift in Sources */ = {isa = PBXBuildFile; fileRef = F2CFF3592BD67A0F00D34AAB /* CountriesWebservice.swift */; };
		F2CFF35C2BD67A2C00D34AAB /* WebserviceError.swift in Sources */ = {isa = PBXBuildFile; fileRef = F2CFF35B2BD67A2C00D34AAB /* WebserviceError.swift */; };
/* End PBXBuildFile section */

/* Begin PBXContainerItemProxy section */
		F2CFF3652BD67D2A00D34AAB /* PBXContainerItemProxy */ = {
			isa = PBXContainerItemProxy;
			containerPortal = F2CFF3302BD661B200D34AAB /* Project object */;
			proxyType = 1;
			remoteGlobalIDString = F2CFF3372BD661B200D34AAB;
			remoteInfo = CountriesApp;
		};
/* End PBXContainerItemProxy section */

/* Begin PBXFileReference section */
		F2CFF3382BD661B200D34AAB /* CountriesApp.app */ = {isa = PBXFileReference; explicitFileType = wrapper.application; includeInIndex = 0; path = CountriesApp.app; sourceTree = BUILT_PRODUCTS_DIR; };
		F2CFF33B2BD661B200D34AAB /* AppDelegate.swift */ = {isa = PBXFileReference; lastKnownFileType = sourcecode.swift; path = AppDelegate.swift; sourceTree = "<group>"; };
		F2CFF33F2BD661B200D34AAB /* ViewController.swift */ = {isa = PBXFileReference; lastKnownFileType = sourcecode.swift; path = ViewController.swift; sourceTree = "<group>"; };
		F2CFF3442BD661B200D34AAB /* Assets.xcassets */ = {isa = PBXFileReference; lastKnownFileType = folder.assetcatalog; path = Assets.xcassets; sourceTree = "<group>"; };
		F2CFF3472BD661B200D34AAB /* Base */ = {isa = PBXFileReference; lastKnownFileType = file.storyboard; name = Base; path = Base.lproj/LaunchScreen.storyboard; sourceTree = "<group>"; };
		F2CFF3492BD661B200D34AAB /* Info.plist */ = {isa = PBXFileReference; lastKnownFileType = text.plist.xml; path = Info.plist; sourceTree = "<group>"; };
		F2CFF3522BD679CD00D34AAB /* Country.swift */ = {isa = PBXFileReference; lastKnownFileType = sourcecode.swift; path = Country.swift; sourceTree = "<group>"; };
		F2CFF3542BD679E400D34AAB /* Flags.swift */ = {isa = PBXFileReference; lastKnownFileType = sourcecode.swift; path = Flags.swift; sourceTree = "<group>"; };
		F2CFF3562BD679F700D34AAB /* CountryName.swift */ = {isa = PBXFileReference; lastKnownFileType = sourcecode.swift; path = CountryName.swift; sourceTree = "<group>"; };
		F2CFF3592BD67A0F00D34AAB /* CountriesWebservice.swift */ = {isa = PBXFileReference; lastKnownFileType = sourcecode.swift; path = CountriesWebservice.swift; sourceTree = "<group>"; };
		F2CFF35B2BD67A2C00D34AAB /* WebserviceError.swift */ = {isa = PBXFileReference; lastKnownFileType = sourcecode.swift; path = WebserviceError.swift; sourceTree = "<group>"; };
		F2CFF3612BD67D2A00D34AAB /* CountriesAppTests.xctest */ = {isa = PBXFileReference; explicitFileType = wrapper.cfbundle; includeInIndex = 0; path = CountriesAppTests.xctest; sourceTree = BUILT_PRODUCTS_DIR; };
/* End PBXFileReference section */

/* Begin PBXFrameworksBuildPhase section */
		F2CFF3352BD661B200D34AAB /* Frameworks */ = {
			isa = PBXFrameworksBuildPhase;
			buildActionMask = 2147483647;
			files = (
			);
			runOnlyForDeploymentPostprocessing = 0;
		};
		F2CFF35E2BD67D2A00D34AAB /* Frameworks */ = {
			isa = PBXFrameworksBuildPhase;
			buildActionMask = 2147483647;
			files = (
			);
			runOnlyForDeploymentPostprocessing = 0;
		};
/* End PBXFrameworksBuildPhase section */

/* Begin PBXGroup section */
		F2CFF32F2BD661B200D34AAB = {
			isa = PBXGroup;
			children = (
				F2CFF33A2BD661B200D34AAB /* CountriesApp */,
				F2CFF3392BD661B200D34AAB /* Products */,
			);
			sourceTree = "<group>";
		};
		F2CFF3392BD661B200D34AAB /* Products */ = {
			isa = PBXGroup;
			children = (
				F2CFF3382BD661B200D34AAB /* CountriesApp.app */,
				F2CFF3612BD67D2A00D34AAB /* CountriesAppTests.xctest */,
			);
			name = Products;
			sourceTree = "<group>";
		};
		F2CFF33A2BD661B200D34AAB /* CountriesApp */ = {
			isa = PBXGroup;
			children = (
				F2CFF34F2BD6680900D34AAB /* Data */,
				F2CFF33B2BD661B200D34AAB /* AppDelegate.swift */,
				F2CFF33F2BD661B200D34AAB /* ViewController.swift */,
				F2CFF3442BD661B200D34AAB /* Assets.xcassets */,
				F2CFF3462BD661B200D34AAB /* LaunchScreen.storyboard */,
				F2CFF3492BD661B200D34AAB /* Info.plist */,
			);
			path = CountriesApp;
			sourceTree = "<group>";
		};
		F2CFF34F2BD6680900D34AAB /* Data */ = {
			isa = PBXGroup;
			children = (
				F2CFF3502BD6682200D34AAB /* Countries */,
			);
			path = Data;
			sourceTree = "<group>";
		};
		F2CFF3502BD6682200D34AAB /* Countries */ = {
			isa = PBXGroup;
			children = (
				F2CFF3582BD679FF00D34AAB /* Webservice */,
				F2CFF3512BD6799900D34AAB /* Data Models */,
			);
			path = Countries;
			sourceTree = "<group>";
		};
		F2CFF3512BD6799900D34AAB /* Data Models */ = {
			isa = PBXGroup;
			children = (
				F2CFF3522BD679CD00D34AAB /* Country.swift */,
				F2CFF3542BD679E400D34AAB /* Flags.swift */,
				F2CFF3562BD679F700D34AAB /* CountryName.swift */,
			);
			path = "Data Models";
			sourceTree = "<group>";
		};
		F2CFF3582BD679FF00D34AAB /* Webservice */ = {
			isa = PBXGroup;
			children = (
				F2CFF3592BD67A0F00D34AAB /* CountriesWebservice.swift */,
				F2CFF35B2BD67A2C00D34AAB /* WebserviceError.swift */,
			);
			path = Webservice;
			sourceTree = "<group>";
		};
/* End PBXGroup section */

/* Begin PBXNativeTarget section */
		F2CFF3372BD661B200D34AAB /* CountriesApp */ = {
			isa = PBXNativeTarget;
			buildConfigurationList = F2CFF34C2BD661B200D34AAB /* Build configuration list for PBXNativeTarget "CountriesApp" */;
			buildPhases = (
				F2CFF3342BD661B200D34AAB /* Sources */,
				F2CFF3352BD661B200D34AAB /* Frameworks */,
				F2CFF3362BD661B200D34AAB /* Resources */,
			);
			buildRules = (
			);
			dependencies = (
			);
			name = CountriesApp;
			productName = CountriesApp;
			productReference = F2CFF3382BD661B200D34AAB /* CountriesApp.app */;
			productType = "com.apple.product-type.application";
		};
		F2CFF3602BD67D2A00D34AAB /* CountriesAppTests */ = {
			isa = PBXNativeTarget;
			buildConfigurationList = F2CFF3672BD67D2A00D34AAB /* Build configuration list for PBXNativeTarget "CountriesAppTests" */;
			buildPhases = (
				F2CFF35D2BD67D2A00D34AAB /* Sources */,
				F2CFF35E2BD67D2A00D34AAB /* Frameworks */,
				F2CFF35F2BD67D2A00D34AAB /* Resources */,
			);
			buildRules = (
			);
			dependencies = (
				F2CFF3662BD67D2A00D34AAB /* PBXTargetDependency */,
			);
			name = CountriesAppTests;
			productName = CountriesAppTests;
			productReference = F2CFF3612BD67D2A00D34AAB /* CountriesAppTests.xctest */;
			productType = "com.apple.product-type.bundle.unit-test";
		};
/* End PBXNativeTarget section */

/* Begin PBXProject section */
		F2CFF3302BD661B200D34AAB /* Project object */ = {
			isa = PBXProject;
			attributes = {
				BuildIndependentTargetsInParallel = 1;
				LastSwiftUpdateCheck = 1530;
				LastUpgradeCheck = 1530;
				TargetAttributes = {
					F2CFF3372BD661B200D34AAB = {
						CreatedOnToolsVersion = 15.3;
					};
					F2CFF3602BD67D2A00D34AAB = {
						CreatedOnToolsVersion = 15.3;
						TestTargetID = F2CFF3372BD661B200D34AAB;
					};
				};
			};
			buildConfigurationList = F2CFF3332BD661B200D34AAB /* Build configuration list for PBXProject "CountriesApp" */;
			compatibilityVersion = "Xcode 14.0";
			developmentRegion = en;
			hasScannedForEncodings = 0;
			knownRegions = (
				en,
				Base,
			);
			mainGroup = F2CFF32F2BD661B200D34AAB;
			productRefGroup = F2CFF3392BD661B200D34AAB /* Products */;
			projectDirPath = "";
			projectRoot = "";
			targets = (
				F2CFF3372BD661B200D34AAB /* CountriesApp */,
				F2CFF3602BD67D2A00D34AAB /* CountriesAppTests */,
			);
		};
/* End PBXProject section */

/* Begin PBXResourcesBuildPhase section */
		F2CFF3362BD661B200D34AAB /* Resources */ = {
			isa = PBXResourcesBuildPhase;
			buildActionMask = 2147483647;
			files = (
				F2CFF3452BD661B200D34AAB /* Assets.xcassets in Resources */,
				F2CFF3482BD661B200D34AAB /* Base in Resources */,
			);
			runOnlyForDeploymentPostprocessing = 0;
		};
		F2CFF35F2BD67D2A00D34AAB /* Resources */ = {
			isa = PBXResourcesBuildPhase;
			buildActionMask = 2147483647;
			files = (
			);
			runOnlyForDeploymentPostprocessing = 0;
		};
/* End PBXResourcesBuildPhase section */

/* Begin PBXSourcesBuildPhase section */
		F2CFF3342BD661B200D34AAB /* Sources */ = {
			isa = PBXSourcesBuildPhase;
			buildActionMask = 2147483647;
			files = (
				F2CFF3402BD661B200D34AAB /* ViewController.swift in Sources */,
				F2CFF3532BD679CD00D34AAB /* Country.swift in Sources */,
				F2CFF33C2BD661B200D34AAB /* AppDelegate.swift in Sources */,
				F2CFF35C2BD67A2C00D34AAB /* WebserviceError.swift in Sources */,
				F2CFF3572BD679F700D34AAB /* CountryName.swift in Sources */,
				F2CFF3552BD679E400D34AAB /* Flags.swift in Sources */,
				F2CFF35A2BD67A0F00D34AAB /* CountriesWebservice.swift in Sources */,
			);
			runOnlyForDeploymentPostprocessing = 0;
		};
		F2CFF35D2BD67D2A00D34AAB /* Sources */ = {
			isa = PBXSourcesBuildPhase;
			buildActionMask = 2147483647;
			files = (
			);
			runOnlyForDeploymentPostprocessing = 0;
		};
/* End PBXSourcesBuildPhase section */

/* Begin PBXTargetDependency section */
		F2CFF3662BD67D2A00D34AAB /* PBXTargetDependency */ = {
			isa = PBXTargetDependency;
			target = F2CFF3372BD661B200D34AAB /* CountriesApp */;
			targetProxy = F2CFF3652BD67D2A00D34AAB /* PBXContainerItemProxy */;
		};
/* End PBXTargetDependency section */

/* Begin PBXVariantGroup section */
		F2CFF3462BD661B200D34AAB /* LaunchScreen.storyboard */ = {
			isa = PBXVariantGroup;
			children = (
				F2CFF3472BD661B200D34AAB /* Base */,
			);
			name = LaunchScreen.storyboard;
			sourceTree = "<group>";
		};
/* End PBXVariantGroup section */

/* Begin XCBuildConfiguration section */
		F2CFF34A2BD661B200D34AAB /* Debug */ = {
			isa = XCBuildConfiguration;
			buildSettings = {
				ALWAYS_SEARCH_USER_PATHS = NO;
				ASSETCATALOG_COMPILER_GENERATE_SWIFT_ASSET_SYMBOL_EXTENSIONS = YES;
				CLANG_ANALYZER_NONNULL = YES;
				CLANG_ANALYZER_NUMBER_OBJECT_CONVERSION = YES_AGGRESSIVE;
				CLANG_CXX_LANGUAGE_STANDARD = "gnu++20";
				CLANG_ENABLE_MODULES = YES;
				CLANG_ENABLE_OBJC_ARC = YES;
				CLANG_ENABLE_OBJC_WEAK = YES;
				CLANG_WARN_BLOCK_CAPTURE_AUTORELEASING = YES;
				CLANG_WARN_BOOL_CONVERSION = YES;
				CLANG_WARN_COMMA = YES;
				CLANG_WARN_CONSTANT_CONVERSION = YES;
				CLANG_WARN_DEPRECATED_OBJC_IMPLEMENTATIONS = YES;
				CLANG_WARN_DIRECT_OBJC_ISA_USAGE = YES_ERROR;
				CLANG_WARN_DOCUMENTATION_COMMENTS = YES;
				CLANG_WARN_EMPTY_BODY = YES;
				CLANG_WARN_ENUM_CONVERSION = YES;
				CLANG_WARN_INFINITE_RECURSION = YES;
				CLANG_WARN_INT_CONVERSION = YES;
				CLANG_WARN_NON_LITERAL_NULL_CONVERSION = YES;
				CLANG_WARN_OBJC_IMPLICIT_RETAIN_SELF = YES;
				CLANG_WARN_OBJC_LITERAL_CONVERSION = YES;
				CLANG_WARN_OBJC_ROOT_CLASS = YES_ERROR;
				CLANG_WARN_QUOTED_INCLUDE_IN_FRAMEWORK_HEADER = YES;
				CLANG_WARN_RANGE_LOOP_ANALYSIS = YES;
				CLANG_WARN_STRICT_PROTOTYPES = YES;
				CLANG_WARN_SUSPICIOUS_MOVE = YES;
				CLANG_WARN_UNGUARDED_AVAILABILITY = YES_AGGRESSIVE;
				CLANG_WARN_UNREACHABLE_CODE = YES;
				CLANG_WARN__DUPLICATE_METHOD_MATCH = YES;
				COPY_PHASE_STRIP = NO;
				DEBUG_INFORMATION_FORMAT = dwarf;
				ENABLE_STRICT_OBJC_MSGSEND = YES;
				ENABLE_TESTABILITY = YES;
				ENABLE_USER_SCRIPT_SANDBOXING = YES;
				GCC_C_LANGUAGE_STANDARD = gnu17;
				GCC_DYNAMIC_NO_PIC = NO;
				GCC_NO_COMMON_BLOCKS = YES;
				GCC_OPTIMIZATION_LEVEL = 0;
				GCC_PREPROCESSOR_DEFINITIONS = (
					"DEBUG=1",
					"$(inherited)",
				);
				GCC_WARN_64_TO_32_BIT_CONVERSION = YES;
				GCC_WARN_ABOUT_RETURN_TYPE = YES_ERROR;
				GCC_WARN_UNDECLARED_SELECTOR = YES;
				GCC_WARN_UNINITIALIZED_AUTOS = YES_AGGRESSIVE;
				GCC_WARN_UNUSED_FUNCTION = YES;
				GCC_WARN_UNUSED_VARIABLE = YES;
				IPHONEOS_DEPLOYMENT_TARGET = 17.4;
				LOCALIZATION_PREFERS_STRING_CATALOGS = YES;
				MTL_ENABLE_DEBUG_INFO = INCLUDE_SOURCE;
				MTL_FAST_MATH = YES;
				ONLY_ACTIVE_ARCH = YES;
				SDKROOT = iphoneos;
				SWIFT_ACTIVE_COMPILATION_CONDITIONS = "DEBUG $(inherited)";
				SWIFT_OPTIMIZATION_LEVEL = "-Onone";
			};
			name = Debug;
		};
		F2CFF34B2BD661B200D34AAB /* Release */ = {
			isa = XCBuildConfiguration;
			buildSettings = {
				ALWAYS_SEARCH_USER_PATHS = NO;
				ASSETCATALOG_COMPILER_GENERATE_SWIFT_ASSET_SYMBOL_EXTENSIONS = YES;
				CLANG_ANALYZER_NONNULL = YES;
				CLANG_ANALYZER_NUMBER_OBJECT_CONVERSION = YES_AGGRESSIVE;
				CLANG_CXX_LANGUAGE_STANDARD = "gnu++20";
				CLANG_ENABLE_MODULES = YES;
				CLANG_ENABLE_OBJC_ARC = YES;
				CLANG_ENABLE_OBJC_WEAK = YES;
				CLANG_WARN_BLOCK_CAPTURE_AUTORELEASING = YES;
				CLANG_WARN_BOOL_CONVERSION = YES;
				CLANG_WARN_COMMA = YES;
				CLANG_WARN_CONSTANT_CONVERSION = YES;
				CLANG_WARN_DEPRECATED_OBJC_IMPLEMENTATIONS = YES;
				CLANG_WARN_DIRECT_OBJC_ISA_USAGE = YES_ERROR;
				CLANG_WARN_DOCUMENTATION_COMMENTS = YES;
				CLANG_WARN_EMPTY_BODY = YES;
				CLANG_WARN_ENUM_CONVERSION = YES;
				CLANG_WARN_INFINITE_RECURSION = YES;
				CLANG_WARN_INT_CONVERSION = YES;
				CLANG_WARN_NON_LITERAL_NULL_CONVERSION = YES;
				CLANG_WARN_OBJC_IMPLICIT_RETAIN_SELF = YES;
				CLANG_WARN_OBJC_LITERAL_CONVERSION = YES;
				CLANG_WARN_OBJC_ROOT_CLASS = YES_ERROR;
				CLANG_WARN_QUOTED_INCLUDE_IN_FRAMEWORK_HEADER = YES;
				CLANG_WARN_RANGE_LOOP_ANALYSIS = YES;
				CLANG_WARN_STRICT_PROTOTYPES = YES;
				CLANG_WARN_SUSPICIOUS_MOVE = YES;
				CLANG_WARN_UNGUARDED_AVAILABILITY = YES_AGGRESSIVE;
				CLANG_WARN_UNREACHABLE_CODE = YES;
				CLANG_WARN__DUPLICATE_METHOD_MATCH = YES;
				COPY_PHASE_STRIP = NO;
				DEBUG_INFORMATION_FORMAT = "dwarf-with-dsym";
				ENABLE_NS_ASSERTIONS = NO;
				ENABLE_STRICT_OBJC_MSGSEND = YES;
				ENABLE_USER_SCRIPT_SANDBOXING = YES;
				GCC_C_LANGUAGE_STANDARD = gnu17;
				GCC_NO_COMMON_BLOCKS = YES;
				GCC_WARN_64_TO_32_BIT_CONVERSION = YES;
				GCC_WARN_ABOUT_RETURN_TYPE = YES_ERROR;
				GCC_WARN_UNDECLARED_SELECTOR = YES;
				GCC_WARN_UNINITIALIZED_AUTOS = YES_AGGRESSIVE;
				GCC_WARN_UNUSED_FUNCTION = YES;
				GCC_WARN_UNUSED_VARIABLE = YES;
				IPHONEOS_DEPLOYMENT_TARGET = 17.4;
				LOCALIZATION_PREFERS_STRING_CATALOGS = YES;
				MTL_ENABLE_DEBUG_INFO = NO;
				MTL_FAST_MATH = YES;
				SDKROOT = iphoneos;
				SWIFT_COMPILATION_MODE = wholemodule;
				VALIDATE_PRODUCT = YES;
			};
			name = Release;
		};
		F2CFF34D2BD661B200D34AAB /* Debug */ = {
			isa = XCBuildConfiguration;
			buildSettings = {
				ASSETCATALOG_COMPILER_APPICON_NAME = AppIcon;
				ASSETCATALOG_COMPILER_GLOBAL_ACCENT_COLOR_NAME = AccentColor;
				CODE_SIGN_STYLE = Automatic;
				CURRENT_PROJECT_VERSION = 1;
				GENERATE_INFOPLIST_FILE = YES;
				INFOPLIST_FILE = CountriesApp/Info.plist;
				INFOPLIST_KEY_UIApplicationSupportsIndirectInputEvents = YES;
				INFOPLIST_KEY_UILaunchStoryboardName = LaunchScreen;
				INFOPLIST_KEY_UISupportedInterfaceOrientations_iPad = "UIInterfaceOrientationPortrait UIInterfaceOrientationPortraitUpsideDown UIInterfaceOrientationLandscapeLeft UIInterfaceOrientationLandscapeRight";
				INFOPLIST_KEY_UISupportedInterfaceOrientations_iPhone = "UIInterfaceOrientationPortrait UIInterfaceOrientationLandscapeLeft UIInterfaceOrientationLandscapeRight";
				LD_RUNPATH_SEARCH_PATHS = (
					"$(inherited)",
					"@executable_path/Frameworks",
				);
				MARKETING_VERSION = 1.0;
				PRODUCT_BUNDLE_IDENTIFIER = com.lucium.CountriesApp;
				PRODUCT_NAME = "$(TARGET_NAME)";
				SWIFT_EMIT_LOC_STRINGS = YES;
				SWIFT_VERSION = 5.0;
				TARGETED_DEVICE_FAMILY = "1,2";
			};
			name = Debug;
		};
		F2CFF34E2BD661B200D34AAB /* Release */ = {
			isa = XCBuildConfiguration;
			buildSettings = {
				ASSETCATALOG_COMPILER_APPICON_NAME = AppIcon;
				ASSETCATALOG_COMPILER_GLOBAL_ACCENT_COLOR_NAME = AccentColor;
				CODE_SIGN_STYLE = Automatic;
				CURRENT_PROJECT_VERSION = 1;
				GENERATE_INFOPLIST_FILE = YES;
				INFOPLIST_FILE = CountriesApp/Info.plist;
				INFOPLIST_KEY_UIApplicationSupportsIndirectInputEvents = YES;
				INFOPLIST_KEY_UILaunchStoryboardName = LaunchScreen;
				INFOPLIST_KEY_UISupportedInterfaceOrientations_iPad = "UIInterfaceOrientationPortrait UIInterfaceOrientationPortraitUpsideDown UIInterfaceOrientationLandscapeLeft UIInterfaceOrientationLandscapeRight";
				INFOPLIST_KEY_UISupportedInterfaceOrientations_iPhone = "UIInterfaceOrientationPortrait UIInterfaceOrientationLandscapeLeft UIInterfaceOrientationLandscapeRight";
				LD_RUNPATH_SEARCH_PATHS = (
					"$(inherited)",
					"@executable_path/Frameworks",
				);
				MARKETING_VERSION = 1.0;
				PRODUCT_BUNDLE_IDENTIFIER = com.lucium.CountriesApp;
				PRODUCT_NAME = "$(TARGET_NAME)";
				SWIFT_EMIT_LOC_STRINGS = YES;
				SWIFT_VERSION = 5.0;
				TARGETED_DEVICE_FAMILY = "1,2";
			};
			name = Release;
		};
		F2CFF3682BD67D2A00D34AAB /* Debug */ = {
			isa = XCBuildConfiguration;
			buildSettings = {
				BUNDLE_LOADER = "$(TEST_HOST)";
				CODE_SIGN_STYLE = Automatic;
				CURRENT_PROJECT_VERSION = 1;
				GENERATE_INFOPLIST_FILE = YES;
				MARKETING_VERSION = 1.0;
				PRODUCT_BUNDLE_IDENTIFIER = com.lucium.CountriesAppTests;
				PRODUCT_NAME = "$(TARGET_NAME)";
				SWIFT_EMIT_LOC_STRINGS = NO;
				SWIFT_VERSION = 5.0;
				TARGETED_DEVICE_FAMILY = "1,2";
				TEST_HOST = "$(BUILT_PRODUCTS_DIR)/CountriesApp.app/$(BUNDLE_EXECUTABLE_FOLDER_PATH)/CountriesApp";
			};
			name = Debug;
		};
		F2CFF3692BD67D2A00D34AAB /* Release */ = {
			isa = XCBuildConfiguration;
			buildSettings = {
				BUNDLE_LOADER = "$(TEST_HOST)";
				CODE_SIGN_STYLE = Automatic;
				CURRENT_PROJECT_VERSION = 1;
				GENERATE_INFOPLIST_FILE = YES;
				MARKETING_VERSION = 1.0;
				PRODUCT_BUNDLE_IDENTIFIER = com.lucium.CountriesAppTests;
				PRODUCT_NAME = "$(TARGET_NAME)";
				SWIFT_EMIT_LOC_STRINGS = NO;
				SWIFT_VERSION = 5.0;
				TARGETED_DEVICE_FAMILY = "1,2";
				TEST_HOST = "$(BUILT_PRODUCTS_DIR)/CountriesApp.app/$(BUNDLE_EXECUTABLE_FOLDER_PATH)/CountriesApp";
			};
			name = Release;
		};
/* End XCBuildConfiguration section */

/* Begin XCConfigurationList section */
		F2CFF3332BD661B200D34AAB /* Build configuration list for PBXProject "CountriesApp" */ = {
			isa = XCConfigurationList;
			buildConfigurations = (
				F2CFF34A2BD661B200D34AAB /* Debug */,
				F2CFF34B2BD661B200D34AAB /* Release */,
			);
			defaultConfigurationIsVisible = 0;
			defaultConfigurationName = Release;
		};
		F2CFF34C2BD661B200D34AAB /* Build configuration list for PBXNativeTarget "CountriesApp" */ = {
			isa = XCConfigurationList;
			buildConfigurations = (
				F2CFF34D2BD661B200D34AAB /* Debug */,
				F2CFF34E2BD661B200D34AAB /* Release */,
			);
			defaultConfigurationIsVisible = 0;
			defaultConfigurationName = Release;
		};
		F2CFF3672BD67D2A00D34AAB /* Build configuration list for PBXNativeTarget "CountriesAppTests" */ = {
			isa = XCConfigurationList;
			buildConfigurations = (
				F2CFF3682BD67D2A00D34AAB /* Debug */,
				F2CFF3692BD67D2A00D34AAB /* Release */,
			);
			defaultConfigurationIsVisible = 0;
			defaultConfigurationName = Release;
		};
/* End XCConfigurationList section */
	};
	rootObject = F2CFF3302BD661B200D34AAB /* Project object */;
}
