// !$*UTF8*$!
{
	archiveVersion = 1;
	classes = {
	};
	objectVersion = 56;
	objects = {

/* Begin PBXBuildFile section */
		F2CFF33C2BD661B200D34AAB /* AppDelegate.swift in Sources */ = {isa = PBXBuildFile; fileRef = F2CFF33B2BD661B200D34AAB /* AppDelegate.swift */; };
		F2CFF3452BD661B200D34AAB /* Assets.xcassets in Resources */ = {isa = PBXBuildFile; fileRef = F2CFF3442BD661B200D34AAB /* Assets.xcassets */; };
		F2CFF3482BD661B200D34AAB /* Base in Resources */ = {isa = PBXBuildFile; fileRef = F2CFF3472BD661B200D34AAB /* Base */; };
		F2CFF3532BD679CD00D34AAB /* CountryResponse.swift in Sources */ = {isa = PBXBuildFile; fileRef = F2CFF3522BD679CD00D34AAB /* CountryResponse.swift */; };
		F2CFF3552BD679E400D34AAB /* FlagsResponse.swift in Sources */ = {isa = PBXBuildFile; fileRef = F2CFF3542BD679E400D34AAB /* FlagsResponse.swift */; };
		F2CFF3572BD679F700D34AAB /* CountryNameResponse.swift in Sources */ = {isa = PBXBuildFile; fileRef = F2CFF3562BD679F700D34AAB /* CountryNameResponse.swift */; };
		F2CFF35A2BD67A0F00D34AAB /* CountriesWebservice.swift in Sources */ = {isa = PBXBuildFile; fileRef = F2CFF3592BD67A0F00D34AAB /* CountriesWebservice.swift */; };
		F2CFF35C2BD67A2C00D34AAB /* WebserviceError.swift in Sources */ = {isa = PBXBuildFile; fileRef = F2CFF35B2BD67A2C00D34AAB /* WebserviceError.swift */; };
		F2CFF36D2BD680AF00D34AAB /* CountriesViewController.swift in Sources */ = {isa = PBXBuildFile; fileRef = F2CFF36C2BD680AF00D34AAB /* CountriesViewController.swift */; };
		F2CFF36F2BD681F600D34AAB /* CountriesViewModel.swift in Sources */ = {isa = PBXBuildFile; fileRef = F2CFF36E2BD681F600D34AAB /* CountriesViewModel.swift */; };
		F2CFF3732BD6830C00D34AAB /* Country.swift in Sources */ = {isa = PBXBuildFile; fileRef = F2CFF3722BD6830C00D34AAB /* Country.swift */; };
		F2CFF37B2BD6861900D34AAB /* GetAllCountries.swift in Sources */ = {isa = PBXBuildFile; fileRef = F2CFF37A2BD6861900D34AAB /* GetAllCountries.swift */; };
		F2CFF37D2BD6862300D34AAB /* GetAllCountriesProtocol.swift in Sources */ = {isa = PBXBuildFile; fileRef = F2CFF37C2BD6862300D34AAB /* GetAllCountriesProtocol.swift */; };
		F2CFF37F2BD687DD00D34AAB /* CountriesWebserviceProtocol.swift in Sources */ = {isa = PBXBuildFile; fileRef = F2CFF37E2BD687DD00D34AAB /* CountriesWebserviceProtocol.swift */; };
		F2CFF3872BD68DB200D34AAB /* GetAllCountriesTests.swift in Sources */ = {isa = PBXBuildFile; fileRef = F2CFF3862BD68DB200D34AAB /* GetAllCountriesTests.swift */; };
		F2CFF38F2BD68E3B00D34AAB /* MockCountriesWebservice.swift in Sources */ = {isa = PBXBuildFile; fileRef = F2CFF38E2BD68E3B00D34AAB /* MockCountriesWebservice.swift */; };
		F2CFF3912BD692BA00D34AAB /* CountriesViewModelProtocol.swift in Sources */ = {isa = PBXBuildFile; fileRef = F2CFF3902BD692BA00D34AAB /* CountriesViewModelProtocol.swift */; };
		F2CFF3932BD692E900D34AAB /* CountriesViewModelTests.swift in Sources */ = {isa = PBXBuildFile; fileRef = F2CFF3922BD692E900D34AAB /* CountriesViewModelTests.swift */; };
		F2CFF3962BD6933E00D34AAB /* MockGetAllCountries.swift in Sources */ = {isa = PBXBuildFile; fileRef = F2CFF3952BD6933E00D34AAB /* MockGetAllCountries.swift */; };
		F2CFF3992BD69A2000D34AAB /* CountryTableViewCell.swift in Sources */ = {isa = PBXBuildFile; fileRef = F2CFF3982BD69A2000D34AAB /* CountryTableViewCell.swift */; };
		F2CFF39C2BD69C8F00D34AAB /* PureLayout in Frameworks */ = {isa = PBXBuildFile; productRef = F2CFF39B2BD69C8F00D34AAB /* PureLayout */; };
		F2CFF3A12BD6AAA300D34AAB /* State.swift in Sources */ = {isa = PBXBuildFile; fileRef = F2CFF3A02BD6AAA300D34AAB /* State.swift */; };
		F2CFF3A42BD6AD5800D34AAB /* Lottie in Frameworks */ = {isa = PBXBuildFile; productRef = F2CFF3A32BD6AD5800D34AAB /* Lottie */; };
		F2CFF3A62BD6ADBD00D34AAB /* loadingWorldAnimation.json in Resources */ = {isa = PBXBuildFile; fileRef = F2CFF3A52BD6ADBD00D34AAB /* loadingWorldAnimation.json */; };
		F2CFF3AC2BD6B33C00D34AAB /* CAErrorView.swift in Sources */ = {isa = PBXBuildFile; fileRef = F2CFF3AB2BD6B33C00D34AAB /* CAErrorView.swift */; };
		F2CFF3AE2BD6B84B00D34AAB /* errorWorldAnimation.json in Resources */ = {isa = PBXBuildFile; fileRef = F2CFF3AD2BD6B84B00D34AAB /* errorWorldAnimation.json */; };
/* End PBXBuildFile section */

/* Begin PBXContainerItemProxy section */
		F2CFF3882BD68DB200D34AAB /* PBXContainerItemProxy */ = {
			isa = PBXContainerItemProxy;
			containerPortal = F2CFF3302BD661B200D34AAB /* Project object */;
			proxyType = 1;
			remoteGlobalIDString = F2CFF3372BD661B200D34AAB;
			remoteInfo = CountriesApp;
		};
/* End PBXContainerItemProxy section */

/* Begin PBXFileReference section */
		F2CFF3382BD661B200D34AAB /* CountriesApp.app */ = {isa = PBXFileReference; explicitFileType = wrapper.application; includeInIndex = 0; path = CountriesApp.app; sourceTree = BUILT_PRODUCTS_DIR; };
		F2CFF33B2BD661B200D34AAB /* AppDelegate.swift */ = {isa = PBXFileReference; lastKnownFileType = sourcecode.swift; path = AppDelegate.swift; sourceTree = "<group>"; };
		F2CFF3442BD661B200D34AAB /* Assets.xcassets */ = {isa = PBXFileReference; lastKnownFileType = folder.assetcatalog; path = Assets.xcassets; sourceTree = "<group>"; };
		F2CFF3472BD661B200D34AAB /* Base */ = {isa = PBXFileReference; lastKnownFileType = file.storyboard; name = Base; path = Base.lproj/LaunchScreen.storyboard; sourceTree = "<group>"; };
		F2CFF3492BD661B200D34AAB /* Info.plist */ = {isa = PBXFileReference; lastKnownFileType = text.plist.xml; path = Info.plist; sourceTree = "<group>"; };
		F2CFF3522BD679CD00D34AAB /* CountryResponse.swift */ = {isa = PBXFileReference; lastKnownFileType = sourcecode.swift; path = CountryResponse.swift; sourceTree = "<group>"; };
		F2CFF3542BD679E400D34AAB /* FlagsResponse.swift */ = {isa = PBXFileReference; lastKnownFileType = sourcecode.swift; path = FlagsResponse.swift; sourceTree = "<group>"; };
		F2CFF3562BD679F700D34AAB /* CountryNameResponse.swift */ = {isa = PBXFileReference; lastKnownFileType = sourcecode.swift; path = CountryNameResponse.swift; sourceTree = "<group>"; };
		F2CFF3592BD67A0F00D34AAB /* CountriesWebservice.swift */ = {isa = PBXFileReference; lastKnownFileType = sourcecode.swift; path = CountriesWebservice.swift; sourceTree = "<group>"; };
		F2CFF35B2BD67A2C00D34AAB /* WebserviceError.swift */ = {isa = PBXFileReference; lastKnownFileType = sourcecode.swift; path = WebserviceError.swift; sourceTree = "<group>"; };
		F2CFF36C2BD680AF00D34AAB /* CountriesViewController.swift */ = {isa = PBXFileReference; lastKnownFileType = sourcecode.swift; path = CountriesViewController.swift; sourceTree = "<group>"; };
		F2CFF36E2BD681F600D34AAB /* CountriesViewModel.swift */ = {isa = PBXFileReference; lastKnownFileType = sourcecode.swift; path = CountriesViewModel.swift; sourceTree = "<group>"; };
		F2CFF3722BD6830C00D34AAB /* Country.swift */ = {isa = PBXFileReference; lastKnownFileType = sourcecode.swift; path = Country.swift; sourceTree = "<group>"; };
		F2CFF37A2BD6861900D34AAB /* GetAllCountries.swift */ = {isa = PBXFileReference; lastKnownFileType = sourcecode.swift; path = GetAllCountries.swift; sourceTree = "<group>"; };
		F2CFF37C2BD6862300D34AAB /* GetAllCountriesProtocol.swift */ = {isa = PBXFileReference; lastKnownFileType = sourcecode.swift; path = GetAllCountriesProtocol.swift; sourceTree = "<group>"; };
		F2CFF37E2BD687DD00D34AAB /* CountriesWebserviceProtocol.swift */ = {isa = PBXFileReference; lastKnownFileType = sourcecode.swift; path = CountriesWebserviceProtocol.swift; sourceTree = "<group>"; };
		F2CFF3842BD68DB200D34AAB /* CountriesAppTests.xctest */ = {isa = PBXFileReference; explicitFileType = wrapper.cfbundle; includeInIndex = 0; path = CountriesAppTests.xctest; sourceTree = BUILT_PRODUCTS_DIR; };
		F2CFF3862BD68DB200D34AAB /* GetAllCountriesTests.swift */ = {isa = PBXFileReference; lastKnownFileType = sourcecode.swift; path = GetAllCountriesTests.swift; sourceTree = "<group>"; };
		F2CFF38E2BD68E3B00D34AAB /* MockCountriesWebservice.swift */ = {isa = PBXFileReference; lastKnownFileType = sourcecode.swift; path = MockCountriesWebservice.swift; sourceTree = "<group>"; };
		F2CFF3902BD692BA00D34AAB /* CountriesViewModelProtocol.swift */ = {isa = PBXFileReference; lastKnownFileType = sourcecode.swift; path = CountriesViewModelProtocol.swift; sourceTree = "<group>"; };
		F2CFF3922BD692E900D34AAB /* CountriesViewModelTests.swift */ = {isa = PBXFileReference; lastKnownFileType = sourcecode.swift; path = CountriesViewModelTests.swift; sourceTree = "<group>"; };
		F2CFF3952BD6933E00D34AAB /* MockGetAllCountries.swift */ = {isa = PBXFileReference; lastKnownFileType = sourcecode.swift; path = MockGetAllCountries.swift; sourceTree = "<group>"; };
		F2CFF3982BD69A2000D34AAB /* CountryTableViewCell.swift */ = {isa = PBXFileReference; lastKnownFileType = sourcecode.swift; path = CountryTableViewCell.swift; sourceTree = "<group>"; };
		F2CFF3A02BD6AAA300D34AAB /* State.swift */ = {isa = PBXFileReference; lastKnownFileType = sourcecode.swift; path = State.swift; sourceTree = "<group>"; };
		F2CFF3A52BD6ADBD00D34AAB /* loadingWorldAnimation.json */ = {isa = PBXFileReference; fileEncoding = 4; lastKnownFileType = text.json; path = loadingWorldAnimation.json; sourceTree = "<group>"; };
		F2CFF3AB2BD6B33C00D34AAB /* CAErrorView.swift */ = {isa = PBXFileReference; lastKnownFileType = sourcecode.swift; path = CAErrorView.swift; sourceTree = "<group>"; };
		F2CFF3AD2BD6B84B00D34AAB /* errorWorldAnimation.json */ = {isa = PBXFileReference; fileEncoding = 4; lastKnownFileType = text.json; path = errorWorldAnimation.json; sourceTree = "<group>"; };
/* End PBXFileReference section */

/* Begin PBXFrameworksBuildPhase section */
		F2CFF3352BD661B200D34AAB /* Frameworks */ = {
			isa = PBXFrameworksBuildPhase;
			buildActionMask = 2147483647;
			files = (
				F2CFF39C2BD69C8F00D34AAB /* PureLayout in Frameworks */,
				F2CFF3A42BD6AD5800D34AAB /* Lottie in Frameworks */,
			);
			runOnlyForDeploymentPostprocessing = 0;
		};
		F2CFF3812BD68DB200D34AAB /* Frameworks */ = {
			isa = PBXFrameworksBuildPhase;
			buildActionMask = 2147483647;
			files = (
			);
			runOnlyForDeploymentPostprocessing = 0;
		};
/* End PBXFrameworksBuildPhase section */

/* Begin PBXGroup section */
		F2CFF32F2BD661B200D34AAB = {
			isa = PBXGroup;
			children = (
				F2CFF33A2BD661B200D34AAB /* CountriesApp */,
				F2CFF3852BD68DB200D34AAB /* CountriesAppTests */,
				F2CFF3392BD661B200D34AAB /* Products */,
			);
			sourceTree = "<group>";
		};
		F2CFF3392BD661B200D34AAB /* Products */ = {
			isa = PBXGroup;
			children = (
				F2CFF3382BD661B200D34AAB /* CountriesApp.app */,
				F2CFF3842BD68DB200D34AAB /* CountriesAppTests.xctest */,
			);
			name = Products;
			sourceTree = "<group>";
		};
		F2CFF33A2BD661B200D34AAB /* CountriesApp */ = {
			isa = PBXGroup;
			children = (
				F2CFF3A72BD6B2AF00D34AAB /* Common */,
				F2CFF3702BD682DD00D34AAB /* Domain */,
				F2CFF36A2BD6804D00D34AAB /* Screens */,
				F2CFF34F2BD6680900D34AAB /* Data */,
				F2CFF33B2BD661B200D34AAB /* AppDelegate.swift */,
				F2CFF3AD2BD6B84B00D34AAB /* errorWorldAnimation.json */,
				F2CFF3A52BD6ADBD00D34AAB /* loadingWorldAnimation.json */,
				F2CFF3442BD661B200D34AAB /* Assets.xcassets */,
				F2CFF3462BD661B200D34AAB /* LaunchScreen.storyboard */,
				F2CFF3492BD661B200D34AAB /* Info.plist */,
			);
			path = CountriesApp;
			sourceTree = "<group>";
		};
		F2CFF34F2BD6680900D34AAB /* Data */ = {
			isa = PBXGroup;
			children = (
				F2CFF3502BD6682200D34AAB /* Countries */,
			);
			path = Data;
			sourceTree = "<group>";
		};
		F2CFF3502BD6682200D34AAB /* Countries */ = {
			isa = PBXGroup;
			children = (
				F2CFF3582BD679FF00D34AAB /* Webservice */,
				F2CFF3512BD6799900D34AAB /* Data Models */,
			);
			path = Countries;
			sourceTree = "<group>";
		};
		F2CFF3512BD6799900D34AAB /* Data Models */ = {
			isa = PBXGroup;
			children = (
				F2CFF3522BD679CD00D34AAB /* CountryResponse.swift */,
				F2CFF3542BD679E400D34AAB /* FlagsResponse.swift */,
				F2CFF3562BD679F700D34AAB /* CountryNameResponse.swift */,
			);
			path = "Data Models";
			sourceTree = "<group>";
		};
		F2CFF3582BD679FF00D34AAB /* Webservice */ = {
			isa = PBXGroup;
			children = (
				F2CFF3592BD67A0F00D34AAB /* CountriesWebservice.swift */,
				F2CFF35B2BD67A2C00D34AAB /* WebserviceError.swift */,
				F2CFF37E2BD687DD00D34AAB /* CountriesWebserviceProtocol.swift */,
			);
			path = Webservice;
			sourceTree = "<group>";
		};
		F2CFF36A2BD6804D00D34AAB /* Screens */ = {
			isa = PBXGroup;
			children = (
				F2CFF36B2BD6808800D34AAB /* Countries */,
			);
			path = Screens;
			sourceTree = "<group>";
		};
		F2CFF36B2BD6808800D34AAB /* Countries */ = {
			isa = PBXGroup;
			children = (
				F2CFF36C2BD680AF00D34AAB /* CountriesViewController.swift */,
				F2CFF3982BD69A2000D34AAB /* CountryTableViewCell.swift */,
				F2CFF3972BD699C400D34AAB /* Presentation */,
			);
			path = Countries;
			sourceTree = "<group>";
		};
		F2CFF3702BD682DD00D34AAB /* Domain */ = {
			isa = PBXGroup;
			children = (
				F2CFF3792BD6860700D34AAB /* Usecases */,
				F2CFF3712BD682E400D34AAB /* Domain Models */,
			);
			path = Domain;
			sourceTree = "<group>";
		};
		F2CFF3712BD682E400D34AAB /* Domain Models */ = {
			isa = PBXGroup;
			children = (
				F2CFF3722BD6830C00D34AAB /* Country.swift */,
			);
			path = "Domain Models";
			sourceTree = "<group>";
		};
		F2CFF3792BD6860700D34AAB /* Usecases */ = {
			isa = PBXGroup;
			children = (
				F2CFF37A2BD6861900D34AAB /* GetAllCountries.swift */,
				F2CFF37C2BD6862300D34AAB /* GetAllCountriesProtocol.swift */,
			);
			path = Usecases;
			sourceTree = "<group>";
		};
		F2CFF3852BD68DB200D34AAB /* CountriesAppTests */ = {
			isa = PBXGroup;
			children = (
				F2CFF38D2BD68E1400D34AAB /* Countries */,
			);
			path = CountriesAppTests;
			sourceTree = "<group>";
		};
		F2CFF38D2BD68E1400D34AAB /* Countries */ = {
			isa = PBXGroup;
			children = (
				F2CFF3942BD692EF00D34AAB /* Mocks */,
				F2CFF3862BD68DB200D34AAB /* GetAllCountriesTests.swift */,
				F2CFF3922BD692E900D34AAB /* CountriesViewModelTests.swift */,
			);
			path = Countries;
			sourceTree = "<group>";
		};
		F2CFF3942BD692EF00D34AAB /* Mocks */ = {
			isa = PBXGroup;
			children = (
				F2CFF38E2BD68E3B00D34AAB /* MockCountriesWebservice.swift */,
				F2CFF3952BD6933E00D34AAB /* MockGetAllCountries.swift */,
			);
			path = Mocks;
			sourceTree = "<group>";
		};
		F2CFF3972BD699C400D34AAB /* Presentation */ = {
			isa = PBXGroup;
			children = (
				F2CFF3902BD692BA00D34AAB /* CountriesViewModelProtocol.swift */,
				F2CFF36E2BD681F600D34AAB /* CountriesViewModel.swift */,
				F2CFF3A02BD6AAA300D34AAB /* State.swift */,
			);
			path = Presentation;
			sourceTree = "<group>";
		};
		F2CFF3A72BD6B2AF00D34AAB /* Common */ = {
			isa = PBXGroup;
			children = (
				F2CFF3A82BD6B2BC00D34AAB /* Views */,
			);
			path = Common;
			sourceTree = "<group>";
		};
		F2CFF3A82BD6B2BC00D34AAB /* Views */ = {
			isa = PBXGroup;
			children = (
				F2CFF3AB2BD6B33C00D34AAB /* CAErrorView.swift */,
			);
			path = Views;
			sourceTree = "<group>";
		};
/* End PBXGroup section */

/* Begin PBXNativeTarget section */
		F2CFF3372BD661B200D34AAB /* CountriesApp */ = {
			isa = PBXNativeTarget;
			buildConfigurationList = F2CFF34C2BD661B200D34AAB /* Build configuration list for PBXNativeTarget "CountriesApp" */;
			buildPhases = (
				F2CFF3342BD661B200D34AAB /* Sources */,
				F2CFF3352BD661B200D34AAB /* Frameworks */,
				F2CFF3362BD661B200D34AAB /* Resources */,
			);
			buildRules = (
			);
			dependencies = (
			);
			name = CountriesApp;
			packageProductDependencies = (
				F2CFF39B2BD69C8F00D34AAB /* PureLayout */,
				F2CFF3A32BD6AD5800D34AAB /* Lottie */,
			);
			productName = CountriesApp;
			productReference = F2CFF3382BD661B200D34AAB /* CountriesApp.app */;
			productType = "com.apple.product-type.application";
		};
		F2CFF3832BD68DB200D34AAB /* CountriesAppTests */ = {
			isa = PBXNativeTarget;
			buildConfigurationList = F2CFF38A2BD68DB200D34AAB /* Build configuration list for PBXNativeTarget "CountriesAppTests" */;
			buildPhases = (
				F2CFF3802BD68DB200D34AAB /* Sources */,
				F2CFF3812BD68DB200D34AAB /* Frameworks */,
				F2CFF3822BD68DB200D34AAB /* Resources */,
			);
			buildRules = (
			);
			dependencies = (
				F2CFF3892BD68DB200D34AAB /* PBXTargetDependency */,
			);
			name = CountriesAppTests;
			productName = CountriesAppTests;
			productReference = F2CFF3842BD68DB200D34AAB /* CountriesAppTests.xctest */;
			productType = "com.apple.product-type.bundle.unit-test";
		};
/* End PBXNativeTarget section */

/* Begin PBXProject section */
		F2CFF3302BD661B200D34AAB /* Project object */ = {
			isa = PBXProject;
			attributes = {
				BuildIndependentTargetsInParallel = 1;
				LastSwiftUpdateCheck = 1530;
				LastUpgradeCheck = 1530;
				TargetAttributes = {
					F2CFF3372BD661B200D34AAB = {
						CreatedOnToolsVersion = 15.3;
					};
					F2CFF3832BD68DB200D34AAB = {
						CreatedOnToolsVersion = 15.3;
						TestTargetID = F2CFF3372BD661B200D34AAB;
					};
				};
			};
			buildConfigurationList = F2CFF3332BD661B200D34AAB /* Build configuration list for PBXProject "CountriesApp" */;
			compatibilityVersion = "Xcode 14.0";
			developmentRegion = en;
			hasScannedForEncodings = 0;
			knownRegions = (
				en,
				Base,
			);
			mainGroup = F2CFF32F2BD661B200D34AAB;
			packageReferences = (
				F2CFF39A2BD69C8F00D34AAB /* XCRemoteSwiftPackageReference "PureLayout" */,
				F2CFF3A22BD6AD5800D34AAB /* XCRemoteSwiftPackageReference "lottie-ios" */,
			);
			productRefGroup = F2CFF3392BD661B200D34AAB /* Products */;
			projectDirPath = "";
			projectRoot = "";
			targets = (
				F2CFF3372BD661B200D34AAB /* CountriesApp */,
				F2CFF3832BD68DB200D34AAB /* CountriesAppTests */,
			);
		};
/* End PBXProject section */

/* Begin PBXResourcesBuildPhase section */
		F2CFF3362BD661B200D34AAB /* Resources */ = {
			isa = PBXResourcesBuildPhase;
			buildActionMask = 2147483647;
			files = (
				F2CFF3452BD661B200D34AAB /* Assets.xcassets in Resources */,
				F2CFF3A62BD6ADBD00D34AAB /* loadingWorldAnimation.json in Resources */,
				F2CFF3AE2BD6B84B00D34AAB /* errorWorldAnimation.json in Resources */,
				F2CFF3482BD661B200D34AAB /* Base in Resources */,
			);
			runOnlyForDeploymentPostprocessing = 0;
		};
		F2CFF3822BD68DB200D34AAB /* Resources */ = {
			isa = PBXResourcesBuildPhase;
			buildActionMask = 2147483647;
			files = (
			);
			runOnlyForDeploymentPostprocessing = 0;
		};
/* End PBXResourcesBuildPhase section */

/* Begin PBXSourcesBuildPhase section */
		F2CFF3342BD661B200D34AAB /* Sources */ = {
			isa = PBXSourcesBuildPhase;
			buildActionMask = 2147483647;
			files = (
				F2CFF36D2BD680AF00D34AAB /* CountriesViewController.swift in Sources */,
				F2CFF37D2BD6862300D34AAB /* GetAllCountriesProtocol.swift in Sources */,
				F2CFF3732BD6830C00D34AAB /* Country.swift in Sources */,
				F2CFF37F2BD687DD00D34AAB /* CountriesWebserviceProtocol.swift in Sources */,
				F2CFF3532BD679CD00D34AAB /* CountryResponse.swift in Sources */,
				F2CFF3AC2BD6B33C00D34AAB /* CAErrorView.swift in Sources */,
				F2CFF33C2BD661B200D34AAB /* AppDelegate.swift in Sources */,
				F2CFF3912BD692BA00D34AAB /* CountriesViewModelProtocol.swift in Sources */,
				F2CFF36F2BD681F600D34AAB /* CountriesViewModel.swift in Sources */,
				F2CFF3A12BD6AAA300D34AAB /* State.swift in Sources */,
				F2CFF35C2BD67A2C00D34AAB /* WebserviceError.swift in Sources */,
				F2CFF3572BD679F700D34AAB /* CountryNameResponse.swift in Sources */,
				F2CFF3552BD679E400D34AAB /* FlagsResponse.swift in Sources */,
				F2CFF35A2BD67A0F00D34AAB /* CountriesWebservice.swift in Sources */,
				F2CFF3992BD69A2000D34AAB /* CountryTableViewCell.swift in Sources */,
				F2CFF37B2BD6861900D34AAB /* GetAllCountries.swift in Sources */,
			);
			runOnlyForDeploymentPostprocessing = 0;
		};
		F2CFF3802BD68DB200D34AAB /* Sources */ = {
			isa = PBXSourcesBuildPhase;
			buildActionMask = 2147483647;
			files = (
				F2CFF3932BD692E900D34AAB /* CountriesViewModelTests.swift in Sources */,
				F2CFF3872BD68DB200D34AAB /* GetAllCountriesTests.swift in Sources */,
				F2CFF38F2BD68E3B00D34AAB /* MockCountriesWebservice.swift in Sources */,
				F2CFF3962BD6933E00D34AAB /* MockGetAllCountries.swift in Sources */,
			);
			runOnlyForDeploymentPostprocessing = 0;
		};
/* End PBXSourcesBuildPhase section */

/* Begin PBXTargetDependency section */
		F2CFF3892BD68DB200D34AAB /* PBXTargetDependency */ = {
			isa = PBXTargetDependency;
			target = F2CFF3372BD661B200D34AAB /* CountriesApp */;
			targetProxy = F2CFF3882BD68DB200D34AAB /* PBXContainerItemProxy */;
		};
/* End PBXTargetDependency section */

/* Begin PBXVariantGroup section */
		F2CFF3462BD661B200D34AAB /* LaunchScreen.storyboard */ = {
			isa = PBXVariantGroup;
			children = (
				F2CFF3472BD661B200D34AAB /* Base */,
			);
			name = LaunchScreen.storyboard;
			sourceTree = "<group>";
		};
/* End PBXVariantGroup section */

/* Begin XCBuildConfiguration section */
		F2CFF34A2BD661B200D34AAB /* Debug */ = {
			isa = XCBuildConfiguration;
			buildSettings = {
				ALWAYS_SEARCH_USER_PATHS = NO;
				ASSETCATALOG_COMPILER_GENERATE_SWIFT_ASSET_SYMBOL_EXTENSIONS = YES;
				CLANG_ANALYZER_NONNULL = YES;
				CLANG_ANALYZER_NUMBER_OBJECT_CONVERSION = YES_AGGRESSIVE;
				CLANG_CXX_LANGUAGE_STANDARD = "gnu++20";
				CLANG_ENABLE_MODULES = YES;
				CLANG_ENABLE_OBJC_ARC = YES;
				CLANG_ENABLE_OBJC_WEAK = YES;
				CLANG_WARN_BLOCK_CAPTURE_AUTORELEASING = YES;
				CLANG_WARN_BOOL_CONVERSION = YES;
				CLANG_WARN_COMMA = YES;
				CLANG_WARN_CONSTANT_CONVERSION = YES;
				CLANG_WARN_DEPRECATED_OBJC_IMPLEMENTATIONS = YES;
				CLANG_WARN_DIRECT_OBJC_ISA_USAGE = YES_ERROR;
				CLANG_WARN_DOCUMENTATION_COMMENTS = YES;
				CLANG_WARN_EMPTY_BODY = YES;
				CLANG_WARN_ENUM_CONVERSION = YES;
				CLANG_WARN_INFINITE_RECURSION = YES;
				CLANG_WARN_INT_CONVERSION = YES;
				CLANG_WARN_NON_LITERAL_NULL_CONVERSION = YES;
				CLANG_WARN_OBJC_IMPLICIT_RETAIN_SELF = YES;
				CLANG_WARN_OBJC_LITERAL_CONVERSION = YES;
				CLANG_WARN_OBJC_ROOT_CLASS = YES_ERROR;
				CLANG_WARN_QUOTED_INCLUDE_IN_FRAMEWORK_HEADER = YES;
				CLANG_WARN_RANGE_LOOP_ANALYSIS = YES;
				CLANG_WARN_STRICT_PROTOTYPES = YES;
				CLANG_WARN_SUSPICIOUS_MOVE = YES;
				CLANG_WARN_UNGUARDED_AVAILABILITY = YES_AGGRESSIVE;
				CLANG_WARN_UNREACHABLE_CODE = YES;
				CLANG_WARN__DUPLICATE_METHOD_MATCH = YES;
				COPY_PHASE_STRIP = NO;
				DEBUG_INFORMATION_FORMAT = dwarf;
				ENABLE_STRICT_OBJC_MSGSEND = YES;
				ENABLE_TESTABILITY = YES;
				ENABLE_USER_SCRIPT_SANDBOXING = YES;
				GCC_C_LANGUAGE_STANDARD = gnu17;
				GCC_DYNAMIC_NO_PIC = NO;
				GCC_NO_COMMON_BLOCKS = YES;
				GCC_OPTIMIZATION_LEVEL = 0;
				GCC_PREPROCESSOR_DEFINITIONS = (
					"DEBUG=1",
					"$(inherited)",
				);
				GCC_WARN_64_TO_32_BIT_CONVERSION = YES;
				GCC_WARN_ABOUT_RETURN_TYPE = YES_ERROR;
				GCC_WARN_UNDECLARED_SELECTOR = YES;
				GCC_WARN_UNINITIALIZED_AUTOS = YES_AGGRESSIVE;
				GCC_WARN_UNUSED_FUNCTION = YES;
				GCC_WARN_UNUSED_VARIABLE = YES;
				IPHONEOS_DEPLOYMENT_TARGET = 17.4;
				LOCALIZATION_PREFERS_STRING_CATALOGS = YES;
				MTL_ENABLE_DEBUG_INFO = INCLUDE_SOURCE;
				MTL_FAST_MATH = YES;
				ONLY_ACTIVE_ARCH = YES;
				SDKROOT = iphoneos;
				SWIFT_ACTIVE_COMPILATION_CONDITIONS = "DEBUG $(inherited)";
				SWIFT_OPTIMIZATION_LEVEL = "-Onone";
			};
			name = Debug;
		};
		F2CFF34B2BD661B200D34AAB /* Release */ = {
			isa = XCBuildConfiguration;
			buildSettings = {
				ALWAYS_SEARCH_USER_PATHS = NO;
				ASSETCATALOG_COMPILER_GENERATE_SWIFT_ASSET_SYMBOL_EXTENSIONS = YES;
				CLANG_ANALYZER_NONNULL = YES;
				CLANG_ANALYZER_NUMBER_OBJECT_CONVERSION = YES_AGGRESSIVE;
				CLANG_CXX_LANGUAGE_STANDARD = "gnu++20";
				CLANG_ENABLE_MODULES = YES;
				CLANG_ENABLE_OBJC_ARC = YES;
				CLANG_ENABLE_OBJC_WEAK = YES;
				CLANG_WARN_BLOCK_CAPTURE_AUTORELEASING = YES;
				CLANG_WARN_BOOL_CONVERSION = YES;
				CLANG_WARN_COMMA = YES;
				CLANG_WARN_CONSTANT_CONVERSION = YES;
				CLANG_WARN_DEPRECATED_OBJC_IMPLEMENTATIONS = YES;
				CLANG_WARN_DIRECT_OBJC_ISA_USAGE = YES_ERROR;
				CLANG_WARN_DOCUMENTATION_COMMENTS = YES;
				CLANG_WARN_EMPTY_BODY = YES;
				CLANG_WARN_ENUM_CONVERSION = YES;
				CLANG_WARN_INFINITE_RECURSION = YES;
				CLANG_WARN_INT_CONVERSION = YES;
				CLANG_WARN_NON_LITERAL_NULL_CONVERSION = YES;
				CLANG_WARN_OBJC_IMPLICIT_RETAIN_SELF = YES;
				CLANG_WARN_OBJC_LITERAL_CONVERSION = YES;
				CLANG_WARN_OBJC_ROOT_CLASS = YES_ERROR;
				CLANG_WARN_QUOTED_INCLUDE_IN_FRAMEWORK_HEADER = YES;
				CLANG_WARN_RANGE_LOOP_ANALYSIS = YES;
				CLANG_WARN_STRICT_PROTOTYPES = YES;
				CLANG_WARN_SUSPICIOUS_MOVE = YES;
				CLANG_WARN_UNGUARDED_AVAILABILITY = YES_AGGRESSIVE;
				CLANG_WARN_UNREACHABLE_CODE = YES;
				CLANG_WARN__DUPLICATE_METHOD_MATCH = YES;
				COPY_PHASE_STRIP = NO;
				DEBUG_INFORMATION_FORMAT = "dwarf-with-dsym";
				ENABLE_NS_ASSERTIONS = NO;
				ENABLE_STRICT_OBJC_MSGSEND = YES;
				ENABLE_USER_SCRIPT_SANDBOXING = YES;
				GCC_C_LANGUAGE_STANDARD = gnu17;
				GCC_NO_COMMON_BLOCKS = YES;
				GCC_WARN_64_TO_32_BIT_CONVERSION = YES;
				GCC_WARN_ABOUT_RETURN_TYPE = YES_ERROR;
				GCC_WARN_UNDECLARED_SELECTOR = YES;
				GCC_WARN_UNINITIALIZED_AUTOS = YES_AGGRESSIVE;
				GCC_WARN_UNUSED_FUNCTION = YES;
				GCC_WARN_UNUSED_VARIABLE = YES;
				IPHONEOS_DEPLOYMENT_TARGET = 17.4;
				LOCALIZATION_PREFERS_STRING_CATALOGS = YES;
				MTL_ENABLE_DEBUG_INFO = NO;
				MTL_FAST_MATH = YES;
				SDKROOT = iphoneos;
				SWIFT_COMPILATION_MODE = wholemodule;
				VALIDATE_PRODUCT = YES;
			};
			name = Release;
		};
		F2CFF34D2BD661B200D34AAB /* Debug */ = {
			isa = XCBuildConfiguration;
			buildSettings = {
				ASSETCATALOG_COMPILER_APPICON_NAME = AppIcon;
				ASSETCATALOG_COMPILER_GLOBAL_ACCENT_COLOR_NAME = AccentColor;
				CODE_SIGN_STYLE = Automatic;
				CURRENT_PROJECT_VERSION = 1;
				GENERATE_INFOPLIST_FILE = YES;
				INFOPLIST_FILE = CountriesApp/Info.plist;
				INFOPLIST_KEY_UIApplicationSupportsIndirectInputEvents = YES;
				INFOPLIST_KEY_UILaunchStoryboardName = LaunchScreen;
				INFOPLIST_KEY_UISupportedInterfaceOrientations_iPad = "UIInterfaceOrientationPortrait UIInterfaceOrientationPortraitUpsideDown UIInterfaceOrientationLandscapeLeft UIInterfaceOrientationLandscapeRight";
				INFOPLIST_KEY_UISupportedInterfaceOrientations_iPhone = "UIInterfaceOrientationPortrait UIInterfaceOrientationLandscapeLeft UIInterfaceOrientationLandscapeRight";
				LD_RUNPATH_SEARCH_PATHS = (
					"$(inherited)",
					"@executable_path/Frameworks",
				);
				MARKETING_VERSION = 1.0;
				PRODUCT_BUNDLE_IDENTIFIER = com.lucium.CountriesApp;
				PRODUCT_NAME = "$(TARGET_NAME)";
				SWIFT_EMIT_LOC_STRINGS = YES;
				SWIFT_VERSION = 5.0;
				TARGETED_DEVICE_FAMILY = "1,2";
			};
			name = Debug;
		};
		F2CFF34E2BD661B200D34AAB /* Release */ = {
			isa = XCBuildConfiguration;
			buildSettings = {
				ASSETCATALOG_COMPILER_APPICON_NAME = AppIcon;
				ASSETCATALOG_COMPILER_GLOBAL_ACCENT_COLOR_NAME = AccentColor;
				CODE_SIGN_STYLE = Automatic;
				CURRENT_PROJECT_VERSION = 1;
				GENERATE_INFOPLIST_FILE = YES;
				INFOPLIST_FILE = CountriesApp/Info.plist;
				INFOPLIST_KEY_UIApplicationSupportsIndirectInputEvents = YES;
				INFOPLIST_KEY_UILaunchStoryboardName = LaunchScreen;
				INFOPLIST_KEY_UISupportedInterfaceOrientations_iPad = "UIInterfaceOrientationPortrait UIInterfaceOrientationPortraitUpsideDown UIInterfaceOrientationLandscapeLeft UIInterfaceOrientationLandscapeRight";
				INFOPLIST_KEY_UISupportedInterfaceOrientations_iPhone = "UIInterfaceOrientationPortrait UIInterfaceOrientationLandscapeLeft UIInterfaceOrientationLandscapeRight";
				LD_RUNPATH_SEARCH_PATHS = (
					"$(inherited)",
					"@executable_path/Frameworks",
				);
				MARKETING_VERSION = 1.0;
				PRODUCT_BUNDLE_IDENTIFIER = com.lucium.CountriesApp;
				PRODUCT_NAME = "$(TARGET_NAME)";
				SWIFT_EMIT_LOC_STRINGS = YES;
				SWIFT_VERSION = 5.0;
				TARGETED_DEVICE_FAMILY = "1,2";
			};
			name = Release;
		};
		F2CFF38B2BD68DB200D34AAB /* Debug */ = {
			isa = XCBuildConfiguration;
			buildSettings = {
				BUNDLE_LOADER = "$(TEST_HOST)";
				CODE_SIGN_STYLE = Automatic;
				CURRENT_PROJECT_VERSION = 1;
				GENERATE_INFOPLIST_FILE = YES;
				MARKETING_VERSION = 1.0;
				PRODUCT_BUNDLE_IDENTIFIER = com.lucium.CountriesAppTests;
				PRODUCT_NAME = "$(TARGET_NAME)";
				SWIFT_EMIT_LOC_STRINGS = NO;
				SWIFT_VERSION = 5.0;
				TARGETED_DEVICE_FAMILY = "1,2";
				TEST_HOST = "$(BUILT_PRODUCTS_DIR)/CountriesApp.app/$(BUNDLE_EXECUTABLE_FOLDER_PATH)/CountriesApp";
			};
			name = Debug;
		};
		F2CFF38C2BD68DB200D34AAB /* Release */ = {
			isa = XCBuildConfiguration;
			buildSettings = {
				BUNDLE_LOADER = "$(TEST_HOST)";
				CODE_SIGN_STYLE = Automatic;
				CURRENT_PROJECT_VERSION = 1;
				GENERATE_INFOPLIST_FILE = YES;
				MARKETING_VERSION = 1.0;
				PRODUCT_BUNDLE_IDENTIFIER = com.lucium.CountriesAppTests;
				PRODUCT_NAME = "$(TARGET_NAME)";
				SWIFT_EMIT_LOC_STRINGS = NO;
				SWIFT_VERSION = 5.0;
				TARGETED_DEVICE_FAMILY = "1,2";
				TEST_HOST = "$(BUILT_PRODUCTS_DIR)/CountriesApp.app/$(BUNDLE_EXECUTABLE_FOLDER_PATH)/CountriesApp";
			};
			name = Release;
		};
/* End XCBuildConfiguration section */

/* Begin XCConfigurationList section */
		F2CFF3332BD661B200D34AAB /* Build configuration list for PBXProject "CountriesApp" */ = {
			isa = XCConfigurationList;
			buildConfigurations = (
				F2CFF34A2BD661B200D34AAB /* Debug */,
				F2CFF34B2BD661B200D34AAB /* Release */,
			);
			defaultConfigurationIsVisible = 0;
			defaultConfigurationName = Release;
		};
		F2CFF34C2BD661B200D34AAB /* Build configuration list for PBXNativeTarget "CountriesApp" */ = {
			isa = XCConfigurationList;
			buildConfigurations = (
				F2CFF34D2BD661B200D34AAB /* Debug */,
				F2CFF34E2BD661B200D34AAB /* Release */,
			);
			defaultConfigurationIsVisible = 0;
			defaultConfigurationName = Release;
		};
		F2CFF38A2BD68DB200D34AAB /* Build configuration list for PBXNativeTarget "CountriesAppTests" */ = {
			isa = XCConfigurationList;
			buildConfigurations = (
				F2CFF38B2BD68DB200D34AAB /* Debug */,
				F2CFF38C2BD68DB200D34AAB /* Release */,
			);
			defaultConfigurationIsVisible = 0;
			defaultConfigurationName = Release;
		};
/* End XCConfigurationList section */

/* Begin XCRemoteSwiftPackageReference section */
		F2CFF39A2BD69C8F00D34AAB /* XCRemoteSwiftPackageReference "PureLayout" */ = {
			isa = XCRemoteSwiftPackageReference;
			repositoryURL = "https://github.com/PureLayout/PureLayout";
			requirement = {
				kind = upToNextMajorVersion;
				minimumVersion = 3.1.9;
			};
		};
		F2CFF3A22BD6AD5800D34AAB /* XCRemoteSwiftPackageReference "lottie-ios" */ = {
			isa = XCRemoteSwiftPackageReference;
			repositoryURL = "https://github.com/airbnb/lottie-ios";
			requirement = {
				kind = upToNextMajorVersion;
				minimumVersion = 4.4.3;
			};
		};
/* End XCRemoteSwiftPackageReference section */

/* Begin XCSwiftPackageProductDependency section */
		F2CFF39B2BD69C8F00D34AAB /* PureLayout */ = {
			isa = XCSwiftPackageProductDependency;
			package = F2CFF39A2BD69C8F00D34AAB /* XCRemoteSwiftPackageReference "PureLayout" */;
			productName = PureLayout;
		};
		F2CFF3A32BD6AD5800D34AAB /* Lottie */ = {
			isa = XCSwiftPackageProductDependency;
			package = F2CFF3A22BD6AD5800D34AAB /* XCRemoteSwiftPackageReference "lottie-ios" */;
			productName = Lottie;
		};
/* End XCSwiftPackageProductDependency section */
	};
	rootObject = F2CFF3302BD661B200D34AAB /* Project object */;
}
